// !$*UTF8*$!
{
	archiveVersion = 1;
	classes = {
	};
	objectVersion = 56;
	objects = {

/* Begin PBXBuildFile section */
		0471D2972CE36CE4006FE45C /* FaceDetectionManager.swift in Sources */ = {isa = PBXBuildFile; fileRef = 0471D2962CE36CE4006FE45C /* FaceDetectionManager.swift */; };
		0471D2992CE36D9C006FE45C /* FaceDetectionDelegate.swift in Sources */ = {isa = PBXBuildFile; fileRef = 0471D2982CE36D9C006FE45C /* FaceDetectionDelegate.swift */; };
		0471D29B2CE36DFF006FE45C /* FaceDetectionSuccessModel.swift in Sources */ = {isa = PBXBuildFile; fileRef = 0471D29A2CE36DFF006FE45C /* FaceDetectionSuccessModel.swift */; };
		0471D29E2CE36E71006FE45C /* FaceDetectionErrorModel.swift in Sources */ = {isa = PBXBuildFile; fileRef = 0471D29D2CE36E71006FE45C /* FaceDetectionErrorModel.swift */; };
		0471D2A12CE36F3B006FE45C /* CardDetectionManager.swift in Sources */ = {isa = PBXBuildFile; fileRef = 0471D2A02CE36F3B006FE45C /* CardDetectionManager.swift */; };
		0471D2B12CE3B666006FE45C /* PassportDetectionDelegate.swift in Sources */ = {isa = PBXBuildFile; fileRef = 0471D2B02CE3B666006FE45C /* PassportDetectionDelegate.swift */; };
		0471D2B42CE3B682006FE45C /* PassportDetectionSuccessModel.swift in Sources */ = {isa = PBXBuildFile; fileRef = 0471D2B32CE3B682006FE45C /* PassportDetectionSuccessModel.swift */; };
		0471D2B62CE3B693006FE45C /* PassportDetectionErrorModel.swift in Sources */ = {isa = PBXBuildFile; fileRef = 0471D2B52CE3B693006FE45C /* PassportDetectionErrorModel.swift */; };
		0471D2B82CE3B6A8006FE45C /* PassportDetectionDelegateHandler.swift in Sources */ = {isa = PBXBuildFile; fileRef = 0471D2B72CE3B6A8006FE45C /* PassportDetectionDelegateHandler.swift */; };
		0471D2BA2CE3B735006FE45C /* CardDetectionDelegate.swift in Sources */ = {isa = PBXBuildFile; fileRef = 0471D2B92CE3B735006FE45C /* CardDetectionDelegate.swift */; };
		0471D2BD2CE3B74E006FE45C /* CardDetectionSuccessModel.swift in Sources */ = {isa = PBXBuildFile; fileRef = 0471D2BC2CE3B74E006FE45C /* CardDetectionSuccessModel.swift */; };
		0471D2BF2CE3B769006FE45C /* CardDetectionHandler.swift in Sources */ = {isa = PBXBuildFile; fileRef = 0471D2BE2CE3B769006FE45C /* CardDetectionHandler.swift */; };
		27828AF22CE0E193002BEE4D /* EnrollLite.h in Headers */ = {isa = PBXBuildFile; fileRef = 27828AF12CE0E193002BEE4D /* EnrollLite.h */; settings = {ATTRIBUTES = (Public, ); }; };
		27828AF92CE0E300002BEE4D /* CardDetectionViewController.swift in Sources */ = {isa = PBXBuildFile; fileRef = 27828AF82CE0E300002BEE4D /* CardDetectionViewController.swift */; };
		27828AFB2CE0E331002BEE4D /* BaseCardDetectionViewController.swift in Sources */ = {isa = PBXBuildFile; fileRef = 27828AFA2CE0E331002BEE4D /* BaseCardDetectionViewController.swift */; };
		27828AFD2CE0E344002BEE4D /* CardDetectionViewControllerDelegate.swift in Sources */ = {isa = PBXBuildFile; fileRef = 27828AFC2CE0E344002BEE4D /* CardDetectionViewControllerDelegate.swift */; };
		27828B012CE0E3A0002BEE4D /* CardDetectionSettings.swift in Sources */ = {isa = PBXBuildFile; fileRef = 27828B002CE0E3A0002BEE4D /* CardDetectionSettings.swift */; };
		27828B032CE0E424002BEE4D /* ObjectDetectionViewController.swift in Sources */ = {isa = PBXBuildFile; fileRef = 27828B022CE0E424002BEE4D /* ObjectDetectionViewController.swift */; };
		27828B052CE0E436002BEE4D /* ObjectDetectionSessionHandler.swift in Sources */ = {isa = PBXBuildFile; fileRef = 27828B042CE0E436002BEE4D /* ObjectDetectionSessionHandler.swift */; };
		27828B072CE0E55C002BEE4D /* TorchSettings.swift in Sources */ = {isa = PBXBuildFile; fileRef = 27828B062CE0E55C002BEE4D /* TorchSettings.swift */; };
		27828B092CE0E5A4002BEE4D /* DetectionOperations.swift in Sources */ = {isa = PBXBuildFile; fileRef = 27828B082CE0E5A4002BEE4D /* DetectionOperations.swift */; };
		27828B0B2CE0E5F2002BEE4D /* Bundle+IDCardCamera.swift in Sources */ = {isa = PBXBuildFile; fileRef = 27828B0A2CE0E5F2002BEE4D /* Bundle+IDCardCamera.swift */; };
		27828B122CE0E674002BEE4D /* Media.xcassets in Resources */ = {isa = PBXBuildFile; fileRef = 27828B0D2CE0E674002BEE4D /* Media.xcassets */; };
		27828B132CE0E674002BEE4D /* BarcodeDetectionViewController.xib in Resources */ = {isa = PBXBuildFile; fileRef = 27828B0E2CE0E674002BEE4D /* BarcodeDetectionViewController.xib */; };
		27828B142CE0E674002BEE4D /* CardDetectionViewController.xib in Resources */ = {isa = PBXBuildFile; fileRef = 27828B0F2CE0E674002BEE4D /* CardDetectionViewController.xib */; };
		27828B162CE0E674002BEE4D /* Base.xcconfig in Resources */ = {isa = PBXBuildFile; fileRef = 27828B112CE0E674002BEE4D /* Base.xcconfig */; };
		27828B192CE0F341002BEE4D /* CMSampleBuffer+CGImage.swift in Sources */ = {isa = PBXBuildFile; fileRef = 27828B182CE0F341002BEE4D /* CMSampleBuffer+CGImage.swift */; };
		27828B1C2CE0F732002BEE4D /* PassportDetectionViewController.swift in Sources */ = {isa = PBXBuildFile; fileRef = 27828B1B2CE0F732002BEE4D /* PassportDetectionViewController.swift */; };
		27828B1F2CE239C7002BEE4D /* FaceDetectionViewController.swift in Sources */ = {isa = PBXBuildFile; fileRef = 27828B1E2CE239C7002BEE4D /* FaceDetectionViewController.swift */; };
		27A22AC92D2A9D2C008E931C /* Globals.swift in Sources */ = {isa = PBXBuildFile; fileRef = 27A22AC82D2A9D2C008E931C /* Globals.swift */; };
		27A22ACB2D2AA3E4008E931C /* EnrollLiteVerifier.swift in Sources */ = {isa = PBXBuildFile; fileRef = 27A22ACA2D2AA3E4008E931C /* EnrollLiteVerifier.swift */; };
		27A22ACE2D2AA580008E931C /* EnrollLiteError.swift in Sources */ = {isa = PBXBuildFile; fileRef = 27A22ACD2D2AA580008E931C /* EnrollLiteError.swift */; };
		27AD74F52D258268005B6CC0 /* LicenseModels.swift in Sources */ = {isa = PBXBuildFile; fileRef = 27AD74F42D258268005B6CC0 /* LicenseModels.swift */; };
		27AD74F72D258275005B6CC0 /* LicenseVerifier.swift in Sources */ = {isa = PBXBuildFile; fileRef = 27AD74F62D258275005B6CC0 /* LicenseVerifier.swift */; };
		27F92F5E2CEB63CF00B02DC6 /* Localizable.strings in Resources */ = {isa = PBXBuildFile; fileRef = 27F92F602CEB63CF00B02DC6 /* Localizable.strings */; };
		27F92F662CEB693000B02DC6 /* Localizable.strings in Resources */ = {isa = PBXBuildFile; fileRef = 27F92F652CEB63DF00B02DC6 /* Localizable.strings */; };
		27F92F6C2CEB6E3E00B02DC6 /* String+Ext.swift in Sources */ = {isa = PBXBuildFile; fileRef = 27F92F6B2CEB6E3E00B02DC6 /* String+Ext.swift */; };
		27F92F6F2CEB6E7D00B02DC6 /* Keys.swift in Sources */ = {isa = PBXBuildFile; fileRef = 27F92F6E2CEB6E7D00B02DC6 /* Keys.swift */; };
		27F92F712CEB752000B02DC6 /* Bundle+Ext.swift in Sources */ = {isa = PBXBuildFile; fileRef = 27F92F702CEB752000B02DC6 /* Bundle+Ext.swift */; };
		5D7A774564A6224C3CFE5AFB /* Pods_EnrollLite.framework in Frameworks */ = {isa = PBXBuildFile; fileRef = 45C3442ED7814046AA67F837 /* Pods_EnrollLite.framework */; };
		6F19E73C2DC7B43600361120 /* EnrollLite.podspec in Resources */ = {isa = PBXBuildFile; fileRef = 6F19E73B2DC7B43600361120 /* EnrollLite.podspec */; };
		6F1FA9C32DDB81410038F767 /* LocalizationManager.swift in Sources */ = {isa = PBXBuildFile; fileRef = 6F1FA9C22DDB81410038F767 /* LocalizationManager.swift */; };
		6FEDB50A2F17E6710065D6CA /* wink-simple.json in Resources */ = {isa = PBXBuildFile; fileRef = 6FEDB4F32F17BEBD0065D6CA /* wink-simple.json */; };
/* End PBXBuildFile section */

/* Begin PBXFileReference section */
		0471D2962CE36CE4006FE45C /* FaceDetectionManager.swift */ = {isa = PBXFileReference; lastKnownFileType = sourcecode.swift; path = FaceDetectionManager.swift; sourceTree = "<group>"; };
		0471D2982CE36D9C006FE45C /* FaceDetectionDelegate.swift */ = {isa = PBXFileReference; lastKnownFileType = sourcecode.swift; path = FaceDetectionDelegate.swift; sourceTree = "<group>"; };
		0471D29A2CE36DFF006FE45C /* FaceDetectionSuccessModel.swift */ = {isa = PBXFileReference; lastKnownFileType = sourcecode.swift; path = FaceDetectionSuccessModel.swift; sourceTree = "<group>"; };
		0471D29D2CE36E71006FE45C /* FaceDetectionErrorModel.swift */ = {isa = PBXFileReference; lastKnownFileType = sourcecode.swift; path = FaceDetectionErrorModel.swift; sourceTree = "<group>"; };
		0471D2A02CE36F3B006FE45C /* CardDetectionManager.swift */ = {isa = PBXFileReference; lastKnownFileType = sourcecode.swift; path = CardDetectionManager.swift; sourceTree = "<group>"; };
		0471D2B02CE3B666006FE45C /* PassportDetectionDelegate.swift */ = {isa = PBXFileReference; lastKnownFileType = sourcecode.swift; path = PassportDetectionDelegate.swift; sourceTree = "<group>"; };
		0471D2B32CE3B682006FE45C /* PassportDetectionSuccessModel.swift */ = {isa = PBXFileReference; lastKnownFileType = sourcecode.swift; path = PassportDetectionSuccessModel.swift; sourceTree = "<group>"; };
		0471D2B52CE3B693006FE45C /* PassportDetectionErrorModel.swift */ = {isa = PBXFileReference; lastKnownFileType = sourcecode.swift; path = PassportDetectionErrorModel.swift; sourceTree = "<group>"; };
		0471D2B72CE3B6A8006FE45C /* PassportDetectionDelegateHandler.swift */ = {isa = PBXFileReference; lastKnownFileType = sourcecode.swift; path = PassportDetectionDelegateHandler.swift; sourceTree = "<group>"; };
		0471D2B92CE3B735006FE45C /* CardDetectionDelegate.swift */ = {isa = PBXFileReference; lastKnownFileType = sourcecode.swift; path = CardDetectionDelegate.swift; sourceTree = "<group>"; };
		0471D2BC2CE3B74E006FE45C /* CardDetectionSuccessModel.swift */ = {isa = PBXFileReference; lastKnownFileType = sourcecode.swift; path = CardDetectionSuccessModel.swift; sourceTree = "<group>"; };
		0471D2BE2CE3B769006FE45C /* CardDetectionHandler.swift */ = {isa = PBXFileReference; lastKnownFileType = sourcecode.swift; path = CardDetectionHandler.swift; sourceTree = "<group>"; };
		04EE103FE73176C8882ABE68 /* Pods-EnrollLite.debug.xcconfig */ = {isa = PBXFileReference; includeInIndex = 1; lastKnownFileType = text.xcconfig; name = "Pods-EnrollLite.debug.xcconfig"; path = "Target Support Files/Pods-EnrollLite/Pods-EnrollLite.debug.xcconfig"; sourceTree = "<group>"; };
		18763036244F253C07A54C5E /* Pods-EnrollLite.release.xcconfig */ = {isa = PBXFileReference; includeInIndex = 1; lastKnownFileType = text.xcconfig; name = "Pods-EnrollLite.release.xcconfig"; path = "Target Support Files/Pods-EnrollLite/Pods-EnrollLite.release.xcconfig"; sourceTree = "<group>"; };
		27828AEE2CE0E193002BEE4D /* EnrollLite.framework */ = {isa = PBXFileReference; explicitFileType = wrapper.framework; includeInIndex = 0; path = EnrollLite.framework; sourceTree = BUILT_PRODUCTS_DIR; };
		27828AF12CE0E193002BEE4D /* EnrollLite.h */ = {isa = PBXFileReference; lastKnownFileType = sourcecode.c.h; path = EnrollLite.h; sourceTree = "<group>"; };
		27828AF82CE0E300002BEE4D /* CardDetectionViewController.swift */ = {isa = PBXFileReference; fileEncoding = 4; lastKnownFileType = sourcecode.swift; path = CardDetectionViewController.swift; sourceTree = "<group>"; };
		27828AFA2CE0E331002BEE4D /* BaseCardDetectionViewController.swift */ = {isa = PBXFileReference; fileEncoding = 4; lastKnownFileType = sourcecode.swift; path = BaseCardDetectionViewController.swift; sourceTree = "<group>"; };
		27828AFC2CE0E344002BEE4D /* CardDetectionViewControllerDelegate.swift */ = {isa = PBXFileReference; fileEncoding = 4; lastKnownFileType = sourcecode.swift; path = CardDetectionViewControllerDelegate.swift; sourceTree = "<group>"; };
		27828B002CE0E3A0002BEE4D /* CardDetectionSettings.swift */ = {isa = PBXFileReference; fileEncoding = 4; lastKnownFileType = sourcecode.swift; path = CardDetectionSettings.swift; sourceTree = "<group>"; };
		27828B022CE0E424002BEE4D /* ObjectDetectionViewController.swift */ = {isa = PBXFileReference; fileEncoding = 4; lastKnownFileType = sourcecode.swift; path = ObjectDetectionViewController.swift; sourceTree = "<group>"; };
		27828B042CE0E436002BEE4D /* ObjectDetectionSessionHandler.swift */ = {isa = PBXFileReference; fileEncoding = 4; lastKnownFileType = sourcecode.swift; path = ObjectDetectionSessionHandler.swift; sourceTree = "<group>"; };
		27828B062CE0E55C002BEE4D /* TorchSettings.swift */ = {isa = PBXFileReference; fileEncoding = 4; lastKnownFileType = sourcecode.swift; path = TorchSettings.swift; sourceTree = "<group>"; };
		27828B082CE0E5A4002BEE4D /* DetectionOperations.swift */ = {isa = PBXFileReference; fileEncoding = 4; lastKnownFileType = sourcecode.swift; path = DetectionOperations.swift; sourceTree = "<group>"; };
		27828B0A2CE0E5F2002BEE4D /* Bundle+IDCardCamera.swift */ = {isa = PBXFileReference; fileEncoding = 4; lastKnownFileType = sourcecode.swift; path = "Bundle+IDCardCamera.swift"; sourceTree = "<group>"; };
		27828B0D2CE0E674002BEE4D /* Media.xcassets */ = {isa = PBXFileReference; lastKnownFileType = folder.assetcatalog; path = Media.xcassets; sourceTree = "<group>"; };
		27828B0E2CE0E674002BEE4D /* BarcodeDetectionViewController.xib */ = {isa = PBXFileReference; fileEncoding = 4; lastKnownFileType = file.xib; path = BarcodeDetectionViewController.xib; sourceTree = "<group>"; };
		27828B0F2CE0E674002BEE4D /* CardDetectionViewController.xib */ = {isa = PBXFileReference; fileEncoding = 4; lastKnownFileType = file.xib; path = CardDetectionViewController.xib; sourceTree = "<group>"; };
		27828B102CE0E674002BEE4D /* Info.plist */ = {isa = PBXFileReference; fileEncoding = 4; lastKnownFileType = text.plist.xml; path = Info.plist; sourceTree = "<group>"; };
		27828B112CE0E674002BEE4D /* Base.xcconfig */ = {isa = PBXFileReference; fileEncoding = 4; lastKnownFileType = text.xcconfig; path = Base.xcconfig; sourceTree = "<group>"; };
		27828B182CE0F341002BEE4D /* CMSampleBuffer+CGImage.swift */ = {isa = PBXFileReference; fileEncoding = 4; lastKnownFileType = sourcecode.swift; path = "CMSampleBuffer+CGImage.swift"; sourceTree = "<group>"; };
		27828B1B2CE0F732002BEE4D /* PassportDetectionViewController.swift */ = {isa = PBXFileReference; lastKnownFileType = sourcecode.swift; path = PassportDetectionViewController.swift; sourceTree = "<group>"; };
		27828B1E2CE239C7002BEE4D /* FaceDetectionViewController.swift */ = {isa = PBXFileReference; fileEncoding = 4; lastKnownFileType = sourcecode.swift; path = FaceDetectionViewController.swift; sourceTree = "<group>"; };
		27828BB32CE279F5002BEE4D /* Info.plist */ = {isa = PBXFileReference; lastKnownFileType = text.plist; path = Info.plist; sourceTree = "<group>"; };
		27A22AC82D2A9D2C008E931C /* Globals.swift */ = {isa = PBXFileReference; lastKnownFileType = sourcecode.swift; path = Globals.swift; sourceTree = "<group>"; };
		27A22ACA2D2AA3E4008E931C /* EnrollLiteVerifier.swift */ = {isa = PBXFileReference; lastKnownFileType = sourcecode.swift; path = EnrollLiteVerifier.swift; sourceTree = "<group>"; };
		27A22ACD2D2AA580008E931C /* EnrollLiteError.swift */ = {isa = PBXFileReference; lastKnownFileType = sourcecode.swift; path = EnrollLiteError.swift; sourceTree = "<group>"; };
		27AD74F42D258268005B6CC0 /* LicenseModels.swift */ = {isa = PBXFileReference; lastKnownFileType = sourcecode.swift; path = LicenseModels.swift; sourceTree = "<group>"; };
		27AD74F62D258275005B6CC0 /* LicenseVerifier.swift */ = {isa = PBXFileReference; lastKnownFileType = sourcecode.swift; path = LicenseVerifier.swift; sourceTree = "<group>"; };
		27F92F5F2CEB63CF00B02DC6 /* ar */ = {isa = PBXFileReference; lastKnownFileType = text.plist.strings; name = ar; path = ar.lproj/Localizable.strings; sourceTree = "<group>"; };
		27F92F642CEB63DF00B02DC6 /* en */ = {isa = PBXFileReference; lastKnownFileType = text.plist.strings; name = en; path = en.lproj/Localizable.strings; sourceTree = "<group>"; };
		27F92F6B2CEB6E3E00B02DC6 /* String+Ext.swift */ = {isa = PBXFileReference; lastKnownFileType = sourcecode.swift; path = "String+Ext.swift"; sourceTree = "<group>"; };
		27F92F6E2CEB6E7D00B02DC6 /* Keys.swift */ = {isa = PBXFileReference; lastKnownFileType = sourcecode.swift; path = Keys.swift; sourceTree = "<group>"; };
		27F92F702CEB752000B02DC6 /* Bundle+Ext.swift */ = {isa = PBXFileReference; lastKnownFileType = sourcecode.swift; path = "Bundle+Ext.swift"; sourceTree = "<group>"; };
		45C3442ED7814046AA67F837 /* Pods_EnrollLite.framework */ = {isa = PBXFileReference; explicitFileType = wrapper.framework; includeInIndex = 0; path = Pods_EnrollLite.framework; sourceTree = BUILT_PRODUCTS_DIR; };
		6F19E73B2DC7B43600361120 /* EnrollLite.podspec */ = {isa = PBXFileReference; fileEncoding = 4; lastKnownFileType = text; path = EnrollLite.podspec; sourceTree = "<group>"; };
		6F1FA9C22DDB81410038F767 /* LocalizationManager.swift */ = {isa = PBXFileReference; lastKnownFileType = sourcecode.swift; path = LocalizationManager.swift; sourceTree = "<group>"; };
		6FEDB4F32F17BEBD0065D6CA /* wink-simple.json */ = {isa = PBXFileReference; lastKnownFileType = text.json; path = "wink-simple.json"; sourceTree = "<group>"; };
/* End PBXFileReference section */

/* Begin PBXFrameworksBuildPhase section */
		27828AEB2CE0E193002BEE4D /* Frameworks */ = {
			isa = PBXFrameworksBuildPhase;
			buildActionMask = 2147483647;
			files = (
				5D7A774564A6224C3CFE5AFB /* Pods_EnrollLite.framework in Frameworks */,
			);
			runOnlyForDeploymentPostprocessing = 0;
		};
/* End PBXFrameworksBuildPhase section */

/* Begin PBXGroup section */
		0471D29C2CE36E5F006FE45C /* Models */ = {
			isa = PBXGroup;
			children = (
				0471D29A2CE36DFF006FE45C /* FaceDetectionSuccessModel.swift */,
				0471D29D2CE36E71006FE45C /* FaceDetectionErrorModel.swift */,
			);
			path = Models;
			sourceTree = "<group>";
		};
		0471D29F2CE36F30006FE45C /* CardDetectionManager */ = {
			isa = PBXGroup;
			children = (
				0471D2A02CE36F3B006FE45C /* CardDetectionManager.swift */,
			);
			path = CardDetectionManager;
			sourceTree = "<group>";
		};
		0471D2B22CE3B676006FE45C /* Models */ = {
			isa = PBXGroup;
			children = (
				0471D2B32CE3B682006FE45C /* PassportDetectionSuccessModel.swift */,
				0471D2B52CE3B693006FE45C /* PassportDetectionErrorModel.swift */,
			);
			path = Models;
			sourceTree = "<group>";
		};
		0471D2BB2CE3B749006FE45C /* Models */ = {
			isa = PBXGroup;
			children = (
				0471D2BC2CE3B74E006FE45C /* CardDetectionSuccessModel.swift */,
			);
			path = Models;
			sourceTree = "<group>";
		};
		27828AE42CE0E193002BEE4D = {
			isa = PBXGroup;
			children = (
				6F19E73B2DC7B43600361120 /* EnrollLite.podspec */,
				27828AF02CE0E193002BEE4D /* EnrollLite */,
				27828AEF2CE0E193002BEE4D /* Products */,
				ED1994C71043151CEA3A2CAB /* Pods */,
				28BAF4C4E9AE447FBDD5AB47 /* Frameworks */,
			);
			sourceTree = "<group>";
		};
		27828AEF2CE0E193002BEE4D /* Products */ = {
			isa = PBXGroup;
			children = (
				27828AEE2CE0E193002BEE4D /* EnrollLite.framework */,
			);
			name = Products;
			sourceTree = "<group>";
		};
		27828AF02CE0E193002BEE4D /* EnrollLite */ = {
			isa = PBXGroup;
			children = (
				27828BB32CE279F5002BEE4D /* Info.plist */,
				27F92F692CEB6E0000B02DC6 /* Core */,
				27B415BB2CEB54D1008B3AB1 /* Resources */,
				27828AFF2CE0E360002BEE4D /* features */,
				27828AF12CE0E193002BEE4D /* EnrollLite.h */,
				6F1FA9C22DDB81410038F767 /* LocalizationManager.swift */,
				27A22ACA2D2AA3E4008E931C /* EnrollLiteVerifier.swift */,
			);
			path = EnrollLite;
			sourceTree = "<group>";
		};
		27828AFE2CE0E34D002BEE4D /* CardDetection */ = {
			isa = PBXGroup;
			children = (
				0471D2BB2CE3B749006FE45C /* Models */,
				0471D29F2CE36F30006FE45C /* CardDetectionManager */,
				27828B0C2CE0E674002BEE4D /* Resources */,
				27828B0A2CE0E5F2002BEE4D /* Bundle+IDCardCamera.swift */,
				27828B062CE0E55C002BEE4D /* TorchSettings.swift */,
				27828AFA2CE0E331002BEE4D /* BaseCardDetectionViewController.swift */,
				27828B082CE0E5A4002BEE4D /* DetectionOperations.swift */,
				27828AF82CE0E300002BEE4D /* CardDetectionViewController.swift */,
				27828B002CE0E3A0002BEE4D /* CardDetectionSettings.swift */,
				27828B182CE0F341002BEE4D /* CMSampleBuffer+CGImage.swift */,
				27828B022CE0E424002BEE4D /* ObjectDetectionViewController.swift */,
				27828B042CE0E436002BEE4D /* ObjectDetectionSessionHandler.swift */,
				27828AFC2CE0E344002BEE4D /* CardDetectionViewControllerDelegate.swift */,
				0471D2B92CE3B735006FE45C /* CardDetectionDelegate.swift */,
				0471D2BE2CE3B769006FE45C /* CardDetectionHandler.swift */,
			);
			path = CardDetection;
			sourceTree = "<group>";
		};
		27828AFF2CE0E360002BEE4D /* features */ = {
			isa = PBXGroup;
			children = (
				27828B1D2CE2399D002BEE4D /* FaceDetection */,
				27828B1A2CE0F3B1002BEE4D /* PassportDetection */,
				27828AFE2CE0E34D002BEE4D /* CardDetection */,
			);
			path = features;
			sourceTree = "<group>";
		};
		27828B0C2CE0E674002BEE4D /* Resources */ = {
			isa = PBXGroup;
			children = (
				27828B0D2CE0E674002BEE4D /* Media.xcassets */,
				27828B0E2CE0E674002BEE4D /* BarcodeDetectionViewController.xib */,
				27828B0F2CE0E674002BEE4D /* CardDetectionViewController.xib */,
				27828B102CE0E674002BEE4D /* Info.plist */,
				27828B112CE0E674002BEE4D /* Base.xcconfig */,
			);
			path = Resources;
			sourceTree = "<group>";
		};
		27828B1A2CE0F3B1002BEE4D /* PassportDetection */ = {
			isa = PBXGroup;
			children = (
				0471D2B22CE3B676006FE45C /* Models */,
				27828B1B2CE0F732002BEE4D /* PassportDetectionViewController.swift */,
				0471D2B02CE3B666006FE45C /* PassportDetectionDelegate.swift */,
				0471D2B72CE3B6A8006FE45C /* PassportDetectionDelegateHandler.swift */,
			);
			path = PassportDetection;
			sourceTree = "<group>";
		};
		27828B1D2CE2399D002BEE4D /* FaceDetection */ = {
			isa = PBXGroup;
			children = (
				0471D29C2CE36E5F006FE45C /* Models */,
				27828B1E2CE239C7002BEE4D /* FaceDetectionViewController.swift */,
				0471D2962CE36CE4006FE45C /* FaceDetectionManager.swift */,
				0471D2982CE36D9C006FE45C /* FaceDetectionDelegate.swift */,
			);
			path = FaceDetection;
			sourceTree = "<group>";
		};
		27A22ACC2D2AA571008E931C /* EnrollLiteError */ = {
			isa = PBXGroup;
			children = (
				27A22ACD2D2AA580008E931C /* EnrollLiteError.swift */,
			);
			path = EnrollLiteError;
			sourceTree = "<group>";
		};
		27AD74F32D258255005B6CC0 /* License */ = {
			isa = PBXGroup;
			children = (
				27AD74F42D258268005B6CC0 /* LicenseModels.swift */,
				27AD74F62D258275005B6CC0 /* LicenseVerifier.swift */,
			);
			path = License;
			sourceTree = "<group>";
		};
		27B415BB2CEB54D1008B3AB1 /* Resources */ = {
			isa = PBXGroup;
			children = (
				6FEDB4F32F17BEBD0065D6CA /* wink-simple.json */,
				27F92F602CEB63CF00B02DC6 /* Localizable.strings */,
				27F92F652CEB63DF00B02DC6 /* Localizable.strings */,
			);
			path = Resources;
			sourceTree = "<group>";
		};
		27F92F692CEB6E0000B02DC6 /* Core */ = {
			isa = PBXGroup;
			children = (
				27A22ACC2D2AA571008E931C /* EnrollLiteError */,
				27AD74F32D258255005B6CC0 /* License */,
				27F92F6D2CEB6E7200B02DC6 /* Constants */,
				27F92F6A2CEB6E1B00B02DC6 /* Extensions */,
			);
			path = Core;
			sourceTree = "<group>";
		};
		27F92F6A2CEB6E1B00B02DC6 /* Extensions */ = {
			isa = PBXGroup;
			children = (
				27F92F6B2CEB6E3E00B02DC6 /* String+Ext.swift */,
				27F92F702CEB752000B02DC6 /* Bundle+Ext.swift */,
			);
			path = Extensions;
			sourceTree = "<group>";
		};
		27F92F6D2CEB6E7200B02DC6 /* Constants */ = {
			isa = PBXGroup;
			children = (
				27F92F6E2CEB6E7D00B02DC6 /* Keys.swift */,
				27A22AC82D2A9D2C008E931C /* Globals.swift */,
			);
			path = Constants;
			sourceTree = "<group>";
		};
		28BAF4C4E9AE447FBDD5AB47 /* Frameworks */ = {
			isa = PBXGroup;
			children = (
				45C3442ED7814046AA67F837 /* Pods_EnrollLite.framework */,
			);
			name = Frameworks;
			sourceTree = "<group>";
		};
		ED1994C71043151CEA3A2CAB /* Pods */ = {
			isa = PBXGroup;
			children = (
				04EE103FE73176C8882ABE68 /* Pods-EnrollLite.debug.xcconfig */,
				18763036244F253C07A54C5E /* Pods-EnrollLite.release.xcconfig */,
			);
			path = Pods;
			sourceTree = "<group>";
		};
/* End PBXGroup section */

/* Begin PBXHeadersBuildPhase section */
		27828AE92CE0E193002BEE4D /* Headers */ = {
			isa = PBXHeadersBuildPhase;
			buildActionMask = 2147483647;
			files = (
				27828AF22CE0E193002BEE4D /* EnrollLite.h in Headers */,
			);
			runOnlyForDeploymentPostprocessing = 0;
		};
/* End PBXHeadersBuildPhase section */

/* Begin PBXNativeTarget section */
		27828AED2CE0E193002BEE4D /* EnrollLite */ = {
			isa = PBXNativeTarget;
			buildConfigurationList = 27828AF52CE0E193002BEE4D /* Build configuration list for PBXNativeTarget "EnrollLite" */;
			buildPhases = (
				1940EE170CD8FAEDE3CB4466 /* [CP] Check Pods Manifest.lock */,
				27828AE92CE0E193002BEE4D /* Headers */,
				27828AEA2CE0E193002BEE4D /* Sources */,
				27828AEB2CE0E193002BEE4D /* Frameworks */,
				27828AEC2CE0E193002BEE4D /* Resources */,
				2EFEF5C5F3641CCEB5E369CD /* [CP] Copy Pods Resources */,
			);
			buildRules = (
			);
			dependencies = (
			);
			name = EnrollLite;
			productName = EnrollLite;
			productReference = 27828AEE2CE0E193002BEE4D /* EnrollLite.framework */;
			productType = "com.apple.product-type.framework";
		};
/* End PBXNativeTarget section */

/* Begin PBXProject section */
		27828AE52CE0E193002BEE4D /* Project object */ = {
			isa = PBXProject;
			attributes = {
				BuildIndependentTargetsInParallel = NO;
				LastUpgradeCheck = 1520;
				TargetAttributes = {
					27828AED2CE0E193002BEE4D = {
						CreatedOnToolsVersion = 15.2;
						LastSwiftMigration = 1520;
					};
				};
			};
			buildConfigurationList = 27828AE82CE0E193002BEE4D /* Build configuration list for PBXProject "EnrollLite" */;
			compatibilityVersion = "Xcode 14.0";
			developmentRegion = en;
			hasScannedForEncodings = 0;
			knownRegions = (
				en,
				Base,
				ar,
			);
			mainGroup = 27828AE42CE0E193002BEE4D;
			productRefGroup = 27828AEF2CE0E193002BEE4D /* Products */;
			projectDirPath = "";
			projectRoot = "";
			targets = (
				27828AED2CE0E193002BEE4D /* EnrollLite */,
			);
		};
/* End PBXProject section */

/* Begin PBXResourcesBuildPhase section */
		27828AEC2CE0E193002BEE4D /* Resources */ = {
			isa = PBXResourcesBuildPhase;
			buildActionMask = 2147483647;
			files = (
				6FEDB50A2F17E6710065D6CA /* wink-simple.json in Resources */,
				27F92F662CEB693000B02DC6 /* Localizable.strings in Resources */,
				27828B122CE0E674002BEE4D /* Media.xcassets in Resources */,
				27828B142CE0E674002BEE4D /* CardDetectionViewController.xib in Resources */,
				27F92F5E2CEB63CF00B02DC6 /* Localizable.strings in Resources */,
				27828B132CE0E674002BEE4D /* BarcodeDetectionViewController.xib in Resources */,
				27828B162CE0E674002BEE4D /* Base.xcconfig in Resources */,
				6F19E73C2DC7B43600361120 /* EnrollLite.podspec in Resources */,
			);
			runOnlyForDeploymentPostprocessing = 0;
		};
/* End PBXResourcesBuildPhase section */

/* Begin PBXShellScriptBuildPhase section */
		1940EE170CD8FAEDE3CB4466 /* [CP] Check Pods Manifest.lock */ = {
			isa = PBXShellScriptBuildPhase;
			buildActionMask = 2147483647;
			files = (
			);
			inputFileListPaths = (
			);
			inputPaths = (
				"${PODS_PODFILE_DIR_PATH}/Podfile.lock",
				"${PODS_ROOT}/Manifest.lock",
			);
			name = "[CP] Check Pods Manifest.lock";
			outputFileListPaths = (
			);
			outputPaths = (
				"$(DERIVED_FILE_DIR)/Pods-EnrollLite-checkManifestLockResult.txt",
			);
			runOnlyForDeploymentPostprocessing = 0;
			shellPath = /bin/sh;
			shellScript = "diff \"${PODS_PODFILE_DIR_PATH}/Podfile.lock\" \"${PODS_ROOT}/Manifest.lock\" > /dev/null\nif [ $? != 0 ] ; then\n    # print error to STDERR\n    echo \"error: The sandbox is not in sync with the Podfile.lock. Run 'pod install' or update your CocoaPods installation.\" >&2\n    exit 1\nfi\n# This output is used by Xcode 'outputs' to avoid re-running this script phase.\necho \"SUCCESS\" > \"${SCRIPT_OUTPUT_FILE_0}\"\n";
			showEnvVarsInLog = 0;
		};
		2EFEF5C5F3641CCEB5E369CD /* [CP] Copy Pods Resources */ = {
			isa = PBXShellScriptBuildPhase;
			buildActionMask = 2147483647;
			files = (
			);
			inputFileListPaths = (
				"${PODS_ROOT}/Target Support Files/Pods-EnrollLite/Pods-EnrollLite-resources-${CONFIGURATION}-input-files.xcfilelist",
			);
			name = "[CP] Copy Pods Resources";
			outputFileListPaths = (
				"${PODS_ROOT}/Target Support Files/Pods-EnrollLite/Pods-EnrollLite-resources-${CONFIGURATION}-output-files.xcfilelist",
			);
			runOnlyForDeploymentPostprocessing = 0;
			shellPath = /bin/sh;
			shellScript = "\"${PODS_ROOT}/Target Support Files/Pods-EnrollLite/Pods-EnrollLite-resources.sh\"\n";
			showEnvVarsInLog = 0;
		};
/* End PBXShellScriptBuildPhase section */

/* Begin PBXSourcesBuildPhase section */
		27828AEA2CE0E193002BEE4D /* Sources */ = {
			isa = PBXSourcesBuildPhase;
			buildActionMask = 2147483647;
			files = (
				27828B1F2CE239C7002BEE4D /* FaceDetectionViewController.swift in Sources */,
				0471D2A12CE36F3B006FE45C /* CardDetectionManager.swift in Sources */,
				0471D2BA2CE3B735006FE45C /* CardDetectionDelegate.swift in Sources */,
				27828B012CE0E3A0002BEE4D /* CardDetectionSettings.swift in Sources */,
				0471D29B2CE36DFF006FE45C /* FaceDetectionSuccessModel.swift in Sources */,
				27828B0B2CE0E5F2002BEE4D /* Bundle+IDCardCamera.swift in Sources */,
				27828AFD2CE0E344002BEE4D /* CardDetectionViewControllerDelegate.swift in Sources */,
				27F92F6F2CEB6E7D00B02DC6 /* Keys.swift in Sources */,
				27A22AC92D2A9D2C008E931C /* Globals.swift in Sources */,
				0471D29E2CE36E71006FE45C /* FaceDetectionErrorModel.swift in Sources */,
				0471D2B62CE3B693006FE45C /* PassportDetectionErrorModel.swift in Sources */,
				0471D2BF2CE3B769006FE45C /* CardDetectionHandler.swift in Sources */,
				0471D2972CE36CE4006FE45C /* FaceDetectionManager.swift in Sources */,
				0471D2B12CE3B666006FE45C /* PassportDetectionDelegate.swift in Sources */,
				27828B052CE0E436002BEE4D /* ObjectDetectionSessionHandler.swift in Sources */,
				0471D2992CE36D9C006FE45C /* FaceDetectionDelegate.swift in Sources */,
				27A22ACB2D2AA3E4008E931C /* EnrollLiteVerifier.swift in Sources */,
				0471D2BD2CE3B74E006FE45C /* CardDetectionSuccessModel.swift in Sources */,
				0471D2B42CE3B682006FE45C /* PassportDetectionSuccessModel.swift in Sources */,
				27F92F6C2CEB6E3E00B02DC6 /* String+Ext.swift in Sources */,
				27A22ACE2D2AA580008E931C /* EnrollLiteError.swift in Sources */,
				27828B072CE0E55C002BEE4D /* TorchSettings.swift in Sources */,
				6F1FA9C32DDB81410038F767 /* LocalizationManager.swift in Sources */,
				27828B192CE0F341002BEE4D /* CMSampleBuffer+CGImage.swift in Sources */,
				27828AF92CE0E300002BEE4D /* CardDetectionViewController.swift in Sources */,
				27AD74F52D258268005B6CC0 /* LicenseModels.swift in Sources */,
				27828B032CE0E424002BEE4D /* ObjectDetectionViewController.swift in Sources */,
				27AD74F72D258275005B6CC0 /* LicenseVerifier.swift in Sources */,
				27828AFB2CE0E331002BEE4D /* BaseCardDetectionViewController.swift in Sources */,
				27828B1C2CE0F732002BEE4D /* PassportDetectionViewController.swift in Sources */,
				0471D2B82CE3B6A8006FE45C /* PassportDetectionDelegateHandler.swift in Sources */,
				27F92F712CEB752000B02DC6 /* Bundle+Ext.swift in Sources */,
				27828B092CE0E5A4002BEE4D /* DetectionOperations.swift in Sources */,
			);
			runOnlyForDeploymentPostprocessing = 0;
		};
/* End PBXSourcesBuildPhase section */

/* Begin PBXVariantGroup section */
		27F92F602CEB63CF00B02DC6 /* Localizable.strings */ = {
			isa = PBXVariantGroup;
			children = (
				27F92F5F2CEB63CF00B02DC6 /* ar */,
			);
			name = Localizable.strings;
			sourceTree = "<group>";
		};
		27F92F652CEB63DF00B02DC6 /* Localizable.strings */ = {
			isa = PBXVariantGroup;
			children = (
				27F92F642CEB63DF00B02DC6 /* en */,
			);
			name = Localizable.strings;
			sourceTree = "<group>";
		};
/* End PBXVariantGroup section */

/* Begin XCBuildConfiguration section */
		27828AF32CE0E193002BEE4D /* Debug */ = {
			isa = XCBuildConfiguration;
			buildSettings = {
				ALWAYS_SEARCH_USER_PATHS = NO;
				ASSETCATALOG_COMPILER_GENERATE_SWIFT_ASSET_SYMBOL_EXTENSIONS = YES;
				CLANG_ANALYZER_NONNULL = YES;
				CLANG_ANALYZER_NUMBER_OBJECT_CONVERSION = YES_AGGRESSIVE;
				CLANG_CXX_LANGUAGE_STANDARD = "gnu++20";
				CLANG_ENABLE_MODULES = YES;
				CLANG_ENABLE_OBJC_ARC = YES;
				CLANG_ENABLE_OBJC_WEAK = YES;
				CLANG_WARN_BLOCK_CAPTURE_AUTORELEASING = YES;
				CLANG_WARN_BOOL_CONVERSION = YES;
				CLANG_WARN_COMMA = YES;
				CLANG_WARN_CONSTANT_CONVERSION = YES;
				CLANG_WARN_DEPRECATED_OBJC_IMPLEMENTATIONS = YES;
				CLANG_WARN_DIRECT_OBJC_ISA_USAGE = YES_ERROR;
				CLANG_WARN_DOCUMENTATION_COMMENTS = YES;
				CLANG_WARN_EMPTY_BODY = YES;
				CLANG_WARN_ENUM_CONVERSION = YES;
				CLANG_WARN_INFINITE_RECURSION = YES;
				CLANG_WARN_INT_CONVERSION = YES;
				CLANG_WARN_NON_LITERAL_NULL_CONVERSION = YES;
				CLANG_WARN_OBJC_IMPLICIT_RETAIN_SELF = YES;
				CLANG_WARN_OBJC_LITERAL_CONVERSION = YES;
				CLANG_WARN_OBJC_ROOT_CLASS = YES_ERROR;
				CLANG_WARN_QUOTED_INCLUDE_IN_FRAMEWORK_HEADER = YES;
				CLANG_WARN_RANGE_LOOP_ANALYSIS = YES;
				CLANG_WARN_STRICT_PROTOTYPES = YES;
				CLANG_WARN_SUSPICIOUS_MOVE = YES;
				CLANG_WARN_UNGUARDED_AVAILABILITY = YES_AGGRESSIVE;
				CLANG_WARN_UNREACHABLE_CODE = YES;
				CLANG_WARN__DUPLICATE_METHOD_MATCH = YES;
				COPY_PHASE_STRIP = NO;
				CURRENT_PROJECT_VERSION = 1;
				DEBUG_INFORMATION_FORMAT = dwarf;
				ENABLE_STRICT_OBJC_MSGSEND = YES;
				ENABLE_TESTABILITY = YES;
				ENABLE_USER_SCRIPT_SANDBOXING = YES;
				GCC_C_LANGUAGE_STANDARD = gnu17;
				GCC_DYNAMIC_NO_PIC = NO;
				GCC_NO_COMMON_BLOCKS = YES;
				GCC_OPTIMIZATION_LEVEL = 0;
				GCC_PREPROCESSOR_DEFINITIONS = (
					"DEBUG=1",
					"$(inherited)",
				);
				GCC_WARN_64_TO_32_BIT_CONVERSION = YES;
				GCC_WARN_ABOUT_RETURN_TYPE = YES_ERROR;
				GCC_WARN_UNDECLARED_SELECTOR = YES;
				GCC_WARN_UNINITIALIZED_AUTOS = YES_AGGRESSIVE;
				GCC_WARN_UNUSED_FUNCTION = YES;
				GCC_WARN_UNUSED_VARIABLE = YES;
				IPHONEOS_DEPLOYMENT_TARGET = s;
				LOCALIZATION_PREFERS_STRING_CATALOGS = YES;
				MTL_ENABLE_DEBUG_INFO = INCLUDE_SOURCE;
				MTL_FAST_MATH = YES;
				ONLY_ACTIVE_ARCH = YES;
				SDKROOT = iphoneos;
				SWIFT_ACTIVE_COMPILATION_CONDITIONS = "DEBUG $(inherited)";
				SWIFT_OPTIMIZATION_LEVEL = "-Onone";
				VERSIONING_SYSTEM = "apple-generic";
				VERSION_INFO_PREFIX = "";
			};
			name = Debug;
		};
		27828AF42CE0E193002BEE4D /* Release */ = {
			isa = XCBuildConfiguration;
			buildSettings = {
				ALWAYS_SEARCH_USER_PATHS = NO;
				ASSETCATALOG_COMPILER_GENERATE_SWIFT_ASSET_SYMBOL_EXTENSIONS = YES;
				CLANG_ANALYZER_NONNULL = YES;
				CLANG_ANALYZER_NUMBER_OBJECT_CONVERSION = YES_AGGRESSIVE;
				CLANG_CXX_LANGUAGE_STANDARD = "gnu++20";
				CLANG_ENABLE_MODULES = YES;
				CLANG_ENABLE_OBJC_ARC = YES;
				CLANG_ENABLE_OBJC_WEAK = YES;
				CLANG_WARN_BLOCK_CAPTURE_AUTORELEASING = YES;
				CLANG_WARN_BOOL_CONVERSION = YES;
				CLANG_WARN_COMMA = YES;
				CLANG_WARN_CONSTANT_CONVERSION = YES;
				CLANG_WARN_DEPRECATED_OBJC_IMPLEMENTATIONS = YES;
				CLANG_WARN_DIRECT_OBJC_ISA_USAGE = YES_ERROR;
				CLANG_WARN_DOCUMENTATION_COMMENTS = YES;
				CLANG_WARN_EMPTY_BODY = YES;
				CLANG_WARN_ENUM_CONVERSION = YES;
				CLANG_WARN_INFINITE_RECURSION = YES;
				CLANG_WARN_INT_CONVERSION = YES;
				CLANG_WARN_NON_LITERAL_NULL_CONVERSION = YES;
				CLANG_WARN_OBJC_IMPLICIT_RETAIN_SELF = YES;
				CLANG_WARN_OBJC_LITERAL_CONVERSION = YES;
				CLANG_WARN_OBJC_ROOT_CLASS = YES_ERROR;
				CLANG_WARN_QUOTED_INCLUDE_IN_FRAMEWORK_HEADER = YES;
				CLANG_WARN_RANGE_LOOP_ANALYSIS = YES;
				CLANG_WARN_STRICT_PROTOTYPES = YES;
				CLANG_WARN_SUSPICIOUS_MOVE = YES;
				CLANG_WARN_UNGUARDED_AVAILABILITY = YES_AGGRESSIVE;
				CLANG_WARN_UNREACHABLE_CODE = YES;
				CLANG_WARN__DUPLICATE_METHOD_MATCH = YES;
				COPY_PHASE_STRIP = NO;
				CURRENT_PROJECT_VERSION = 1;
				DEBUG_INFORMATION_FORMAT = "dwarf-with-dsym";
				ENABLE_NS_ASSERTIONS = NO;
				ENABLE_STRICT_OBJC_MSGSEND = YES;
				ENABLE_USER_SCRIPT_SANDBOXING = YES;
				GCC_C_LANGUAGE_STANDARD = gnu17;
				GCC_NO_COMMON_BLOCKS = YES;
				GCC_WARN_64_TO_32_BIT_CONVERSION = YES;
				GCC_WARN_ABOUT_RETURN_TYPE = YES_ERROR;
				GCC_WARN_UNDECLARED_SELECTOR = YES;
				GCC_WARN_UNINITIALIZED_AUTOS = YES_AGGRESSIVE;
				GCC_WARN_UNUSED_FUNCTION = YES;
				GCC_WARN_UNUSED_VARIABLE = YES;
				IPHONEOS_DEPLOYMENT_TARGET = s;
				LOCALIZATION_PREFERS_STRING_CATALOGS = YES;
				MTL_ENABLE_DEBUG_INFO = NO;
				MTL_FAST_MATH = YES;
				SDKROOT = iphoneos;
				SWIFT_COMPILATION_MODE = wholemodule;
				VALIDATE_PRODUCT = YES;
				VERSIONING_SYSTEM = "apple-generic";
				VERSION_INFO_PREFIX = "";
			};
			name = Release;
		};
		27828AF62CE0E193002BEE4D /* Debug */ = {
			isa = XCBuildConfiguration;
			baseConfigurationReference = 04EE103FE73176C8882ABE68 /* Pods-EnrollLite.debug.xcconfig */;
			buildSettings = {
				CLANG_ENABLE_MODULES = YES;
				CODE_SIGN_STYLE = Automatic;
				CURRENT_PROJECT_VERSION = 1;
				DEFINES_MODULE = YES;
				DEVELOPMENT_TEAM = UV3Z5YRCMW;
				DYLIB_COMPATIBILITY_VERSION = 1;
				DYLIB_CURRENT_VERSION = 1;
				DYLIB_INSTALL_NAME_BASE = "@rpath";
				ENABLE_MODULE_VERIFIER = YES;
				ENABLE_USER_SCRIPT_SANDBOXING = NO;
				GENERATE_INFOPLIST_FILE = YES;
				INFOPLIST_FILE = EnrollLite/Info.plist;
				INFOPLIST_KEY_NSHumanReadableCopyright = "";
				INSTALL_PATH = "$(LOCAL_LIBRARY_DIR)/Frameworks";
				IPHONEOS_DEPLOYMENT_TARGET = 13.0;
				LD_RUNPATH_SEARCH_PATHS = (
					"$(inherited)",
					"@executable_path/Frameworks",
					"@loader_path/Frameworks",
				);
				MARKETING_VERSION = 1.0;
				MODULE_VERIFIER_SUPPORTED_LANGUAGES = "objective-c objective-c++";
				MODULE_VERIFIER_SUPPORTED_LANGUAGE_STANDARDS = "gnu17 gnu++20";
				PRODUCT_BUNDLE_IDENTIFIER = com.luminsoft.EnrollLite;
				PRODUCT_NAME = "$(TARGET_NAME:c99extidentifier)";
				SKIP_INSTALL = YES;
				SWIFT_EMIT_LOC_STRINGS = YES;
				SWIFT_OPTIMIZATION_LEVEL = "-Onone";
				SWIFT_VERSION = 5.0;
				TARGETED_DEVICE_FAMILY = "1,2";
			};
			name = Debug;
		};
		27828AF72CE0E193002BEE4D /* Release */ = {
			isa = XCBuildConfiguration;
			baseConfigurationReference = 18763036244F253C07A54C5E /* Pods-EnrollLite.release.xcconfig */;
			buildSettings = {
				CLANG_ENABLE_MODULES = YES;
				CODE_SIGN_STYLE = Automatic;
				CURRENT_PROJECT_VERSION = 1;
				DEFINES_MODULE = YES;
				DEVELOPMENT_TEAM = UV3Z5YRCMW;
				DYLIB_COMPATIBILITY_VERSION = 1;
				DYLIB_CURRENT_VERSION = 1;
				DYLIB_INSTALL_NAME_BASE = "@rpath";
				ENABLE_MODULE_VERIFIER = YES;
				ENABLE_USER_SCRIPT_SANDBOXING = NO;
				GENERATE_INFOPLIST_FILE = YES;
				INFOPLIST_FILE = EnrollLite/Info.plist;
				INFOPLIST_KEY_NSHumanReadableCopyright = "";
				INSTALL_PATH = "$(LOCAL_LIBRARY_DIR)/Frameworks";
				IPHONEOS_DEPLOYMENT_TARGET = 13.0;
				LD_RUNPATH_SEARCH_PATHS = (
					"$(inherited)",
					"@executable_path/Frameworks",
					"@loader_path/Frameworks",
				);
				MARKETING_VERSION = 1.0;
				MODULE_VERIFIER_SUPPORTED_LANGUAGES = "objective-c objective-c++";
				MODULE_VERIFIER_SUPPORTED_LANGUAGE_STANDARDS = "gnu17 gnu++20";
				PRODUCT_BUNDLE_IDENTIFIER = com.luminsoft.EnrollLite;
				PRODUCT_NAME = "$(TARGET_NAME:c99extidentifier)";
				SKIP_INSTALL = YES;
				SWIFT_EMIT_LOC_STRINGS = YES;
				SWIFT_VERSION = 5.0;
				TARGETED_DEVICE_FAMILY = "1,2";
			};
			name = Release;
		};
/* End XCBuildConfiguration section */

/* Begin XCConfigurationList section */
		27828AE82CE0E193002BEE4D /* Build configuration list for PBXProject "EnrollLite" */ = {
			isa = XCConfigurationList;
			buildConfigurations = (
				27828AF32CE0E193002BEE4D /* Debug */,
				27828AF42CE0E193002BEE4D /* Release */,
			);
			defaultConfigurationIsVisible = 0;
			defaultConfigurationName = Release;
		};
		27828AF52CE0E193002BEE4D /* Build configuration list for PBXNativeTarget "EnrollLite" */ = {
			isa = XCConfigurationList;
			buildConfigurations = (
				27828AF62CE0E193002BEE4D /* Debug */,
				27828AF72CE0E193002BEE4D /* Release */,
			);
			defaultConfigurationIsVisible = 0;
			defaultConfigurationName = Release;
		};
/* End XCConfigurationList section */
	};
	rootObject = 27828AE52CE0E193002BEE4D /* Project object */;
}
